
Microsoft Visual Studio Solution File, Format Version 12.00
# Visual Studio Version 17
VisualStudioVersion = 17.11.35312.102
MinimumVisualStudioVersion = 10.0.40219.1
Project("{FAE04EC0-301F-11D3-BF4B-00C04F79EFBC}") = "APIFormsBasic", "APIFormsBasic\APIFormsBasic.csproj", "{FE296777-BCB1-42C6-A569-3F853298CEE5}"
EndProject
Global
	GlobalSection(SolutionConfigurationPlatforms) = preSolution
		Debug|Any CPU = Debug|Any CPU
		Release|Any CPU = Release|Any CPU
	EndGlobalSection
	GlobalSection(ProjectConfigurationPlatforms) = postSolution
		{FE296777-BCB1-42C6-A569-3F853298CEE5}.Debug|Any CPU.ActiveCfg = Debug|Any CPU
		{FE296777-BCB1-42C6-A569-3F853298CEE5}.Debug|Any CPU.Build.0 = Debug|Any CPU
		{FE296777-BCB1-42C6-A569-3F853298CEE5}.Release|Any CPU.ActiveCfg = Release|Any CPU
		{FE296777-BCB1-42C6-A569-3F853298CEE5}.Release|Any CPU.Build.0 = Release|Any CPU
	EndGlobalSection
	GlobalSection(SolutionProperties) = preSolution
		HideSolutionNode = FALSE
	EndGlobalSection
	GlobalSection(ExtensibilityGlobals) = postSolution
		SolutionGuid = {B0804CEF-E5C1-4C4E-97E3-3D33C6329A68}
	EndGlobalSection
EndGlobal
